
Microsoft Visual Studio Solution File, Format Version 12.00
# Visual Studio Version 17
VisualStudioVersion = 17.0.32112.339
MinimumVisualStudioVersion = 10.0.40219.1
Project("{FAE04EC0-301F-11D3-BF4B-00C04F79EFBC}") = "ParallelExamples", "ParallelExamples.csproj", "{FE6800F7-1249-479C-9072-434A0478529F}"
EndProject
Global
	GlobalSection(SolutionConfigurationPlatforms) = preSolution
		Debug|Any CPU = Debug|Any CPU
		Release|Any CPU = Release|Any CPU
	EndGlobalSection
	GlobalSection(ProjectConfigurationPlatforms) = postSolution
		{FE6800F7-1249-479C-9072-434A0478529F}.Debug|Any CPU.ActiveCfg = Debug|Any CPU
		{FE6800F7-1249-479C-9072-434A0478529F}.Debug|Any CPU.Build.0 = Debug|Any CPU
		{FE6800F7-1249-479C-9072-434A0478529F}.Release|Any CPU.ActiveCfg = Release|Any CPU
		{FE6800F7-1249-479C-9072-434A0478529F}.Release|Any CPU.Build.0 = Release|Any CPU
	EndGlobalSection
	GlobalSection(SolutionProperties) = preSolution
		HideSolutionNode = FALSE
	EndGlobalSection
	GlobalSection(ExtensibilityGlobals) = postSolution
		SolutionGuid = {E15BD269-84F9-4B82-95F9-73B1348DE8D9}
	EndGlobalSection
EndGlobal
