
Microsoft Visual Studio Solution File, Format Version 12.00
# Visual Studio Version 17
VisualStudioVersion = 17.0.32112.339
MinimumVisualStudioVersion = 10.0.40219.1
Project("{FAE04EC0-301F-11D3-BF4B-00C04F79EFBC}") = "AsyncConsoleExample", "AsyncConsoleExample.csproj", "{341C92CF-299E-47B8-9DF4-A12E8D34AD76}"
EndProject
Global
	GlobalSection(SolutionConfigurationPlatforms) = preSolution
		Debug|Any CPU = Debug|Any CPU
		Release|Any CPU = Release|Any CPU
	EndGlobalSection
	GlobalSection(ProjectConfigurationPlatforms) = postSolution
		{341C92CF-299E-47B8-9DF4-A12E8D34AD76}.Debug|Any CPU.ActiveCfg = Debug|Any CPU
		{341C92CF-299E-47B8-9DF4-A12E8D34AD76}.Debug|Any CPU.Build.0 = Debug|Any CPU
		{341C92CF-299E-47B8-9DF4-A12E8D34AD76}.Release|Any CPU.ActiveCfg = Release|Any CPU
		{341C92CF-299E-47B8-9DF4-A12E8D34AD76}.Release|Any CPU.Build.0 = Release|Any CPU
	EndGlobalSection
	GlobalSection(SolutionProperties) = preSolution
		HideSolutionNode = FALSE
	EndGlobalSection
	GlobalSection(ExtensibilityGlobals) = postSolution
		SolutionGuid = {619E0A92-88A1-4ECF-8CED-6556D2CF198C}
	EndGlobalSection
EndGlobal
