
Microsoft Visual Studio Solution File, Format Version 12.00
# Visual Studio Version 17
VisualStudioVersion = 17.0.32014.148
MinimumVisualStudioVersion = 10.0.40219.1
Project("{FAE04EC0-301F-11D3-BF4B-00C04F79EFBC}") = "BackgroundPingConsoleApp", "BackgroundPingConsoleApp\BackgroundPingConsoleApp.csproj", "{F583F310-1F3C-4801-BD82-FA31439335B0}"
EndProject
Global
	GlobalSection(SolutionConfigurationPlatforms) = preSolution
		Debug|Any CPU = Debug|Any CPU
		Release|Any CPU = Release|Any CPU
	EndGlobalSection
	GlobalSection(ProjectConfigurationPlatforms) = postSolution
		{F583F310-1F3C-4801-BD82-FA31439335B0}.Debug|Any CPU.ActiveCfg = Debug|Any CPU
		{F583F310-1F3C-4801-BD82-FA31439335B0}.Debug|Any CPU.Build.0 = Debug|Any CPU
		{F583F310-1F3C-4801-BD82-FA31439335B0}.Release|Any CPU.ActiveCfg = Release|Any CPU
		{F583F310-1F3C-4801-BD82-FA31439335B0}.Release|Any CPU.Build.0 = Release|Any CPU
	EndGlobalSection
	GlobalSection(SolutionProperties) = preSolution
		HideSolutionNode = FALSE
	EndGlobalSection
	GlobalSection(ExtensibilityGlobals) = postSolution
		SolutionGuid = {C29F2B87-8F9F-4C24-822E-67BA1D8A832F}
	EndGlobalSection
EndGlobal
