
Microsoft Visual Studio Solution File, Format Version 12.00
# Visual Studio Version 17
VisualStudioVersion = 17.1.32210.238
MinimumVisualStudioVersion = 10.0.40219.1
Project("{9A19103F-16F7-4668-BE54-9A1E7A4F7556}") = "AsyncSamples", "AsyncSamples.csproj", "{C575F6FB-1EC0-4855-AF7A-73B21B7D7E01}"
EndProject
Global
	GlobalSection(SolutionConfigurationPlatforms) = preSolution
		Debug|Any CPU = Debug|Any CPU
		Release|Any CPU = Release|Any CPU
	EndGlobalSection
	GlobalSection(ProjectConfigurationPlatforms) = postSolution
		{C575F6FB-1EC0-4855-AF7A-73B21B7D7E01}.Debug|Any CPU.ActiveCfg = Debug|Any CPU
		{C575F6FB-1EC0-4855-AF7A-73B21B7D7E01}.Debug|Any CPU.Build.0 = Debug|Any CPU
		{C575F6FB-1EC0-4855-AF7A-73B21B7D7E01}.Release|Any CPU.ActiveCfg = Release|Any CPU
		{C575F6FB-1EC0-4855-AF7A-73B21B7D7E01}.Release|Any CPU.Build.0 = Release|Any CPU
	EndGlobalSection
	GlobalSection(SolutionProperties) = preSolution
		HideSolutionNode = FALSE
	EndGlobalSection
	GlobalSection(ExtensibilityGlobals) = postSolution
		SolutionGuid = {D2592F98-6A69-4CE7-9831-90964E8F0AE2}
	EndGlobalSection
EndGlobal
