
Microsoft Visual Studio Solution File, Format Version 12.00
# Visual Studio Version 17
VisualStudioVersion = 17.2.32602.215
MinimumVisualStudioVersion = 10.0.40219.1
Project("{FAE04EC0-301F-11D3-BF4B-00C04F79EFBC}") = "CancelThreadsConsoleApp", "\Mac\Home\Documents\GitHub\Parallel-Programming-and-Concurrency-with-C-10-and-.NET6\chapter11\CancelThreadsConsoleApp\CancelThreadsConsoleApp.csproj", "{61ED8F3F-6AB9-4A9B-98F9-7B84E4FF2BC8}"
EndProject
Global
	GlobalSection(SolutionConfigurationPlatforms) = preSolution
		Debug|Any CPU = Debug|Any CPU
		Release|Any CPU = Release|Any CPU
	EndGlobalSection
	GlobalSection(ProjectConfigurationPlatforms) = postSolution
		{61ED8F3F-6AB9-4A9B-98F9-7B84E4FF2BC8}.Debug|Any CPU.ActiveCfg = Debug|Any CPU
		{61ED8F3F-6AB9-4A9B-98F9-7B84E4FF2BC8}.Debug|Any CPU.Build.0 = Debug|Any CPU
		{61ED8F3F-6AB9-4A9B-98F9-7B84E4FF2BC8}.Release|Any CPU.ActiveCfg = Release|Any CPU
		{61ED8F3F-6AB9-4A9B-98F9-7B84E4FF2BC8}.Release|Any CPU.Build.0 = Release|Any CPU
	EndGlobalSection
	GlobalSection(SolutionProperties) = preSolution
		HideSolutionNode = FALSE
	EndGlobalSection
	GlobalSection(ExtensibilityGlobals) = postSolution
		SolutionGuid = {0FE2337C-11B2-447B-B3E5-1442434B3ACF}
	EndGlobalSection
EndGlobal
