
Microsoft Visual Studio Solution File, Format Version 12.00
# Visual Studio Version 17
VisualStudioVersion = 17.1.32210.238
MinimumVisualStudioVersion = 10.0.40219.1
Project("{FAE04EC0-301F-11D3-BF4B-00C04F79EFBC}") = "WinFormsInvoke", "WinFormsInvoke.csproj", "{3B77ED17-1885-4D68-A36C-B9F38235A279}"
EndProject
Global
	GlobalSection(SolutionConfigurationPlatforms) = preSolution
		Debug|Any CPU = Debug|Any CPU
		Release|Any CPU = Release|Any CPU
	EndGlobalSection
	GlobalSection(ProjectConfigurationPlatforms) = postSolution
		{3B77ED17-1885-4D68-A36C-B9F38235A279}.Debug|Any CPU.ActiveCfg = Debug|Any CPU
		{3B77ED17-1885-4D68-A36C-B9F38235A279}.Debug|Any CPU.Build.0 = Debug|Any CPU
		{3B77ED17-1885-4D68-A36C-B9F38235A279}.Release|Any CPU.ActiveCfg = Release|Any CPU
		{3B77ED17-1885-4D68-A36C-B9F38235A279}.Release|Any CPU.Build.0 = Release|Any CPU
	EndGlobalSection
	GlobalSection(SolutionProperties) = preSolution
		HideSolutionNode = FALSE
	EndGlobalSection
	GlobalSection(ExtensibilityGlobals) = postSolution
		SolutionGuid = {285B73D6-B4E7-43FB-8E71-963A4E73025C}
	EndGlobalSection
EndGlobal
