
Microsoft Visual Studio Solution File, Format Version 12.00
# Visual Studio Version 17
VisualStudioVersion = 17.2.32516.85
MinimumVisualStudioVersion = 10.0.40219.1
Project("{FAE04EC0-301F-11D3-BF4B-00C04F79EFBC}") = "FdaNdcDrugLookup", "\Mac\Home\Documents\GitHub\Parallel-Programming-and-Concurrency-with-C-10-and-.NET6\chapter09\FdaNdcDrugLookup\FdaNdcDrugLookup.csproj", "{59E7A574-1638-4B67-B347-1E61D066393B}"
EndProject
Global
	GlobalSection(SolutionConfigurationPlatforms) = preSolution
		Debug|Any CPU = Debug|Any CPU
		Release|Any CPU = Release|Any CPU
	EndGlobalSection
	GlobalSection(ProjectConfigurationPlatforms) = postSolution
		{59E7A574-1638-4B67-B347-1E61D066393B}.Debug|Any CPU.ActiveCfg = Debug|Any CPU
		{59E7A574-1638-4B67-B347-1E61D066393B}.Debug|Any CPU.Build.0 = Debug|Any CPU
		{59E7A574-1638-4B67-B347-1E61D066393B}.Release|Any CPU.ActiveCfg = Release|Any CPU
		{59E7A574-1638-4B67-B347-1E61D066393B}.Release|Any CPU.Build.0 = Release|Any CPU
	EndGlobalSection
	GlobalSection(SolutionProperties) = preSolution
		HideSolutionNode = FALSE
	EndGlobalSection
	GlobalSection(ExtensibilityGlobals) = postSolution
		SolutionGuid = {60794E78-DAE8-4A47-BB09-EC606E4A3485}
	EndGlobalSection
EndGlobal
