
Microsoft Visual Studio Solution File, Format Version 12.00
# Visual Studio Version 17
VisualStudioVersion = 17.1.32228.430
MinimumVisualStudioVersion = 10.0.40219.1
Project("{FAE04EC0-301F-11D3-BF4B-00C04F79EFBC}") = "SyncAndAsyncSamples", "SyncAndAsyncSamples.csproj", "{639A683A-5ED1-437D-8B02-F80776BD3E51}"
EndProject
Global
	GlobalSection(SolutionConfigurationPlatforms) = preSolution
		Debug|Any CPU = Debug|Any CPU
		Release|Any CPU = Release|Any CPU
	EndGlobalSection
	GlobalSection(ProjectConfigurationPlatforms) = postSolution
		{639A683A-5ED1-437D-8B02-F80776BD3E51}.Debug|Any CPU.ActiveCfg = Debug|Any CPU
		{639A683A-5ED1-437D-8B02-F80776BD3E51}.Debug|Any CPU.Build.0 = Debug|Any CPU
		{639A683A-5ED1-437D-8B02-F80776BD3E51}.Release|Any CPU.ActiveCfg = Release|Any CPU
		{639A683A-5ED1-437D-8B02-F80776BD3E51}.Release|Any CPU.Build.0 = Release|Any CPU
	EndGlobalSection
	GlobalSection(SolutionProperties) = preSolution
		HideSolutionNode = FALSE
	EndGlobalSection
	GlobalSection(ExtensibilityGlobals) = postSolution
		SolutionGuid = {CE3227C5-CD39-4A97-B0C4-9CC7EA5B9E6D}
	EndGlobalSection
EndGlobal
